
Microsoft Visual Studio Solution File, Format Version 12.00
# Visual Studio 15
VisualStudioVersion = 15.0.27703.2042
MinimumVisualStudioVersion = 10.0.40219.1
Project("{E24C65DC-7377-472B-9ABA-BC803B73C61A}") = "TestingUmbraco.Web", "TestingUmbraco.Web\", "{D0ED95B0-9496-40AB-B829-0324129188D6}"
	ProjectSection(WebsiteProperties) = preProject
		TargetFrameworkMoniker = ".NETFramework,Version%3Dv4.5"
		Debug.AspNetCompiler.VirtualPath = "/localhost_5728"
		Debug.AspNetCompiler.PhysicalPath = "TestingUmbraco.Web\"
		Debug.AspNetCompiler.TargetPath = "PrecompiledWeb\localhost_5728\"
		Debug.AspNetCompiler.Updateable = "true"
		Debug.AspNetCompiler.ForceOverwrite = "true"
		Debug.AspNetCompiler.FixedNames = "false"
		Debug.AspNetCompiler.Debug = "True"
		Release.AspNetCompiler.VirtualPath = "/localhost_5728"
		Release.AspNetCompiler.PhysicalPath = "TestingUmbraco.Web\"
		Release.AspNetCompiler.TargetPath = "PrecompiledWeb\localhost_5728\"
		Release.AspNetCompiler.Updateable = "true"
		Release.AspNetCompiler.ForceOverwrite = "true"
		Release.AspNetCompiler.FixedNames = "false"
		Release.AspNetCompiler.Debug = "False"
		VWDPort = "5728"
		SlnRelativePath = "TestingUmbraco.Web\"
		DefaultWebSiteLanguage = "Visual C#"
	EndProjectSection
	ProjectSection(ProjectDependencies) = postProject
		{84D57B80-F256-47C5-8D55-DEA82930AC00} = {84D57B80-F256-47C5-8D55-DEA82930AC00}
	EndProjectSection
EndProject
Project("{FAE04EC0-301F-11D3-BF4B-00C04F79EFBC}") = "TestingUmbraco.Core", "TestingUmbraco.Core\TestingUmbraco.Core.csproj", "{84D57B80-F256-47C5-8D55-DEA82930AC00}"
EndProject
Global
	GlobalSection(SolutionConfigurationPlatforms) = preSolution
		Debug|Any CPU = Debug|Any CPU
		Release|Any CPU = Release|Any CPU
	EndGlobalSection
	GlobalSection(ProjectConfigurationPlatforms) = postSolution
		{D0ED95B0-9496-40AB-B829-0324129188D6}.Debug|Any CPU.ActiveCfg = Debug|Any CPU
		{D0ED95B0-9496-40AB-B829-0324129188D6}.Release|Any CPU.ActiveCfg = Debug|Any CPU
		{84D57B80-F256-47C5-8D55-DEA82930AC00}.Debug|Any CPU.ActiveCfg = Debug|Any CPU
		{84D57B80-F256-47C5-8D55-DEA82930AC00}.Debug|Any CPU.Build.0 = Debug|Any CPU
		{84D57B80-F256-47C5-8D55-DEA82930AC00}.Release|Any CPU.ActiveCfg = Release|Any CPU
		{84D57B80-F256-47C5-8D55-DEA82930AC00}.Release|Any CPU.Build.0 = Release|Any CPU
	EndGlobalSection
	GlobalSection(SolutionProperties) = preSolution
		HideSolutionNode = FALSE
	EndGlobalSection
	GlobalSection(ExtensibilityGlobals) = postSolution
		SolutionGuid = {613D4187-5D98-4F13-BF25-C9438FAA4288}
	EndGlobalSection
EndGlobal
